
Microsoft Visual Studio Solution File, Format Version 12.00
# Visual Studio Version 17
VisualStudioVersion = 17.10.35013.160
MinimumVisualStudioVersion = 10.0.40219.1
Project("{FAE04EC0-301F-11D3-BF4B-00C04F79EFBC}") = "invoiceAPI", "invoiceAPI\invoiceAPI.csproj", "{30711F76-E134-4E25-96CC-1041D6A82D8B}"
EndProject
Global
	GlobalSection(SolutionConfigurationPlatforms) = preSolution
		Debug|Any CPU = Debug|Any CPU
		Release|Any CPU = Release|Any CPU
	EndGlobalSection
	GlobalSection(ProjectConfigurationPlatforms) = postSolution
		{30711F76-E134-4E25-96CC-1041D6A82D8B}.Debug|Any CPU.ActiveCfg = Debug|Any CPU
		{30711F76-E134-4E25-96CC-1041D6A82D8B}.Debug|Any CPU.Build.0 = Debug|Any CPU
		{30711F76-E134-4E25-96CC-1041D6A82D8B}.Release|Any CPU.ActiveCfg = Release|Any CPU
		{30711F76-E134-4E25-96CC-1041D6A82D8B}.Release|Any CPU.Build.0 = Release|Any CPU
	EndGlobalSection
	GlobalSection(SolutionProperties) = preSolution
		HideSolutionNode = FALSE
	EndGlobalSection
	GlobalSection(ExtensibilityGlobals) = postSolution
		SolutionGuid = {D65815F7-36A4-41B9-86CF-6DFDD74F3919}
	EndGlobalSection
EndGlobal
